
Microsoft Visual Studio Solution File, Format Version 12.00
# Visual Studio Version 17
VisualStudioVersion = 17.4.33122.133
MinimumVisualStudioVersion = 10.0.40219.1
Project("{FAE04EC0-301F-11D3-BF4B-00C04F79EFBC}") = "NewSwitch", "SwitchCase\NewSwitch.csproj", "{9E1B210B-18EF-436E-A0FC-1B844DDE5683}"
EndProject
Global
	GlobalSection(SolutionConfigurationPlatforms) = preSolution
		Debug|Any CPU = Debug|Any CPU
		Release|Any CPU = Release|Any CPU
	EndGlobalSection
	GlobalSection(ProjectConfigurationPlatforms) = postSolution
		{9E1B210B-18EF-436E-A0FC-1B844DDE5683}.Debug|Any CPU.ActiveCfg = Debug|Any CPU
		{9E1B210B-18EF-436E-A0FC-1B844DDE5683}.Debug|Any CPU.Build.0 = Debug|Any CPU
		{9E1B210B-18EF-436E-A0FC-1B844DDE5683}.Release|Any CPU.ActiveCfg = Release|Any CPU
		{9E1B210B-18EF-436E-A0FC-1B844DDE5683}.Release|Any CPU.Build.0 = Release|Any CPU
	EndGlobalSection
	GlobalSection(SolutionProperties) = preSolution
		HideSolutionNode = FALSE
	EndGlobalSection
	GlobalSection(ExtensibilityGlobals) = postSolution
		SolutionGuid = {8933B558-0913-4256-A408-B964622593E7}
	EndGlobalSection
EndGlobal
